
Microsoft Visual Studio Solution File, Format Version 12.00
# Visual Studio Version 17
VisualStudioVersion = 17.13.35818.85
MinimumVisualStudioVersion = 10.0.40219.1
Project("{FAE04EC0-301F-11D3-BF4B-00C04F79EFBC}") = "ErrorLine", "ErrorLine\ErrorLine.csproj", "{BAB4CB24-E075-4CCD-98A4-9C4B199BBA62}"
EndProject
Global
	GlobalSection(SolutionConfigurationPlatforms) = preSolution
		Debug|Any CPU = Debug|Any CPU
		Release|Any CPU = Release|Any CPU
	EndGlobalSection
	GlobalSection(ProjectConfigurationPlatforms) = postSolution
		{BAB4CB24-E075-4CCD-98A4-9C4B199BBA62}.Debug|Any CPU.ActiveCfg = Debug|Any CPU
		{BAB4CB24-E075-4CCD-98A4-9C4B199BBA62}.Debug|Any CPU.Build.0 = Debug|Any CPU
		{BAB4CB24-E075-4CCD-98A4-9C4B199BBA62}.Release|Any CPU.ActiveCfg = Release|Any CPU
		{BAB4CB24-E075-4CCD-98A4-9C4B199BBA62}.Release|Any CPU.Build.0 = Release|Any CPU
	EndGlobalSection
	GlobalSection(SolutionProperties) = preSolution
		HideSolutionNode = FALSE
	EndGlobalSection
	GlobalSection(ExtensibilityGlobals) = postSolution
		SolutionGuid = {BF88A524-A651-4749-9729-3FF7C52DF451}
	EndGlobalSection
EndGlobal
